// !$*UTF8*$!
{
	archiveVersion = 1;
	classes = {
	};
	objectVersion = 56;
	objects = {

/* Begin PBXBuildFile section */
		2216013E2A5BDB8B006917D4 /* time_recordApp.swift in Sources */ = {isa = PBXBuildFile; fileRef = 2216013D2A5BDB8B006917D4 /* time_recordApp.swift */; };
		221601402A5BDB8B006917D4 /* ContentView.swift in Sources */ = {isa = PBXBuildFile; fileRef = 2216013F2A5BDB8B006917D4 /* ContentView.swift */; };
		221601422A5BDB8C006917D4 /* Assets.xcassets in Resources */ = {isa = PBXBuildFile; fileRef = 221601412A5BDB8C006917D4 /* Assets.xcassets */; };
		221601452A5BDB8C006917D4 /* Preview Assets.xcassets in Resources */ = {isa = PBXBuildFile; fileRef = 221601442A5BDB8C006917D4 /* Preview Assets.xcassets */; };
		2216014F2A5BDB8C006917D4 /* time_recordTests.swift in Sources */ = {isa = PBXBuildFile; fileRef = 2216014E2A5BDB8C006917D4 /* time_recordTests.swift */; };
		221601592A5BDB8C006917D4 /* time_recordUITests.swift in Sources */ = {isa = PBXBuildFile; fileRef = 221601582A5BDB8C006917D4 /* time_recordUITests.swift */; };
		2216015B2A5BDB8C006917D4 /* time_recordUITestsLaunchTests.swift in Sources */ = {isa = PBXBuildFile; fileRef = 2216015A2A5BDB8C006917D4 /* time_recordUITestsLaunchTests.swift */; };
		221601612A5BDB8C006917D4 /* time_record Watch App.app in Embed Watch Content */ = {isa = PBXBuildFile; fileRef = 221601602A5BDB8C006917D4 /* time_record Watch App.app */; settings = {ATTRIBUTES = (RemoveHeadersOnCopy, ); }; };
		221601662A5BDB8C006917D4 /* time_recordApp.swift in Sources */ = {isa = PBXBuildFile; fileRef = 221601652A5BDB8C006917D4 /* time_recordApp.swift */; };
		221601682A5BDB8C006917D4 /* ContentView.swift in Sources */ = {isa = PBXBuildFile; fileRef = 221601672A5BDB8C006917D4 /* ContentView.swift */; };
		2216016A2A5BDB8D006917D4 /* Assets.xcassets in Resources */ = {isa = PBXBuildFile; fileRef = 221601692A5BDB8D006917D4 /* Assets.xcassets */; };
		2216016D2A5BDB8D006917D4 /* Preview Assets.xcassets in Resources */ = {isa = PBXBuildFile; fileRef = 2216016C2A5BDB8D006917D4 /* Preview Assets.xcassets */; };
		221601772A5BDB8D006917D4 /* time_record_Watch_AppTests.swift in Sources */ = {isa = PBXBuildFile; fileRef = 221601762A5BDB8D006917D4 /* time_record_Watch_AppTests.swift */; };
		221601812A5BDB8D006917D4 /* time_record_Watch_AppUITests.swift in Sources */ = {isa = PBXBuildFile; fileRef = 221601802A5BDB8D006917D4 /* time_record_Watch_AppUITests.swift */; };
		221601832A5BDB8D006917D4 /* time_record_Watch_AppUITestsLaunchTests.swift in Sources */ = {isa = PBXBuildFile; fileRef = 221601822A5BDB8D006917D4 /* time_record_Watch_AppUITestsLaunchTests.swift */; };
/* End PBXBuildFile section */

/* Begin PBXContainerItemProxy section */
		2216014B2A5BDB8C006917D4 /* PBXContainerItemProxy */ = {
			isa = PBXContainerItemProxy;
			containerPortal = 221601322A5BDB8A006917D4 /* Project object */;
			proxyType = 1;
			remoteGlobalIDString = 221601392A5BDB8B006917D4;
			remoteInfo = time_record;
		};
		221601552A5BDB8C006917D4 /* PBXContainerItemProxy */ = {
			isa = PBXContainerItemProxy;
			containerPortal = 221601322A5BDB8A006917D4 /* Project object */;
			proxyType = 1;
			remoteGlobalIDString = 221601392A5BDB8B006917D4;
			remoteInfo = time_record;
		};
		221601622A5BDB8C006917D4 /* PBXContainerItemProxy */ = {
			isa = PBXContainerItemProxy;
			containerPortal = 221601322A5BDB8A006917D4 /* Project object */;
			proxyType = 1;
			remoteGlobalIDString = 2216015F2A5BDB8C006917D4;
			remoteInfo = "time_record Watch App";
		};
		221601732A5BDB8D006917D4 /* PBXContainerItemProxy */ = {
			isa = PBXContainerItemProxy;
			containerPortal = 221601322A5BDB8A006917D4 /* Project object */;
			proxyType = 1;
			remoteGlobalIDString = 2216015F2A5BDB8C006917D4;
			remoteInfo = "time_record Watch App";
		};
		2216017D2A5BDB8D006917D4 /* PBXContainerItemProxy */ = {
			isa = PBXContainerItemProxy;
			containerPortal = 221601322A5BDB8A006917D4 /* Project object */;
			proxyType = 1;
			remoteGlobalIDString = 2216015F2A5BDB8C006917D4;
			remoteInfo = "time_record Watch App";
		};
/* End PBXContainerItemProxy section */

/* Begin PBXCopyFilesBuildPhase section */
		221601892A5BDB8D006917D4 /* Embed Watch Content */ = {
			isa = PBXCopyFilesBuildPhase;
			buildActionMask = 2147483647;
			dstPath = "$(CONTENTS_FOLDER_PATH)/Watch";
			dstSubfolderSpec = 16;
			files = (
				221601612A5BDB8C006917D4 /* time_record Watch App.app in Embed Watch Content */,
			);
			name = "Embed Watch Content";
			runOnlyForDeploymentPostprocessing = 0;
		};
/* End PBXCopyFilesBuildPhase section */

/* Begin PBXFileReference section */
		2216013A2A5BDB8B006917D4 /* time_record.app */ = {isa = PBXFileReference; explicitFileType = wrapper.application; includeInIndex = 0; path = time_record.app; sourceTree = BUILT_PRODUCTS_DIR; };
		2216013D2A5BDB8B006917D4 /* time_recordApp.swift */ = {isa = PBXFileReference; lastKnownFileType = sourcecode.swift; path = time_recordApp.swift; sourceTree = "<group>"; };
		2216013F2A5BDB8B006917D4 /* ContentView.swift */ = {isa = PBXFileReference; lastKnownFileType = sourcecode.swift; path = ContentView.swift; sourceTree = "<group>"; };
		221601412A5BDB8C006917D4 /* Assets.xcassets */ = {isa = PBXFileReference; lastKnownFileType = folder.assetcatalog; path = Assets.xcassets; sourceTree = "<group>"; };
		221601442A5BDB8C006917D4 /* Preview Assets.xcassets */ = {isa = PBXFileReference; lastKnownFileType = folder.assetcatalog; path = "Preview Assets.xcassets"; sourceTree = "<group>"; };
		2216014A2A5BDB8C006917D4 /* time_recordTests.xctest */ = {isa = PBXFileReference; explicitFileType = wrapper.cfbundle; includeInIndex = 0; path = time_recordTests.xctest; sourceTree = BUILT_PRODUCTS_DIR; };
		2216014E2A5BDB8C006917D4 /* time_recordTests.swift */ = {isa = PBXFileReference; lastKnownFileType = sourcecode.swift; path = time_recordTests.swift; sourceTree = "<group>"; };
		221601542A5BDB8C006917D4 /* time_recordUITests.xctest */ = {isa = PBXFileReference; explicitFileType = wrapper.cfbundle; includeInIndex = 0; path = time_recordUITests.xctest; sourceTree = BUILT_PRODUCTS_DIR; };
		221601582A5BDB8C006917D4 /* time_recordUITests.swift */ = {isa = PBXFileReference; lastKnownFileType = sourcecode.swift; path = time_recordUITests.swift; sourceTree = "<group>"; };
		2216015A2A5BDB8C006917D4 /* time_recordUITestsLaunchTests.swift */ = {isa = PBXFileReference; lastKnownFileType = sourcecode.swift; path = time_recordUITestsLaunchTests.swift; sourceTree = "<group>"; };
		221601602A5BDB8C006917D4 /* time_record Watch App.app */ = {isa = PBXFileReference; explicitFileType = wrapper.application; includeInIndex = 0; path = "time_record Watch App.app"; sourceTree = BUILT_PRODUCTS_DIR; };
		221601652A5BDB8C006917D4 /* time_recordApp.swift */ = {isa = PBXFileReference; lastKnownFileType = sourcecode.swift; path = time_recordApp.swift; sourceTree = "<group>"; };
		221601672A5BDB8C006917D4 /* ContentView.swift */ = {isa = PBXFileReference; lastKnownFileType = sourcecode.swift; path = ContentView.swift; sourceTree = "<group>"; };
		221601692A5BDB8D006917D4 /* Assets.xcassets */ = {isa = PBXFileReference; lastKnownFileType = folder.assetcatalog; path = Assets.xcassets; sourceTree = "<group>"; };
		2216016C2A5BDB8D006917D4 /* Preview Assets.xcassets */ = {isa = PBXFileReference; lastKnownFileType = folder.assetcatalog; path = "Preview Assets.xcassets"; sourceTree = "<group>"; };
		221601722A5BDB8D006917D4 /* time_record Watch AppTests.xctest */ = {isa = PBXFileReference; explicitFileType = wrapper.cfbundle; includeInIndex = 0; path = "time_record Watch AppTests.xctest"; sourceTree = BUILT_PRODUCTS_DIR; };
		221601762A5BDB8D006917D4 /* time_record_Watch_AppTests.swift */ = {isa = PBXFileReference; lastKnownFileType = sourcecode.swift; path = time_record_Watch_AppTests.swift; sourceTree = "<group>"; };
		2216017C2A5BDB8D006917D4 /* time_record Watch AppUITests.xctest */ = {isa = PBXFileReference; explicitFileType = wrapper.cfbundle; includeInIndex = 0; path = "time_record Watch AppUITests.xctest"; sourceTree = BUILT_PRODUCTS_DIR; };
		221601802A5BDB8D006917D4 /* time_record_Watch_AppUITests.swift */ = {isa = PBXFileReference; lastKnownFileType = sourcecode.swift; path = time_record_Watch_AppUITests.swift; sourceTree = "<group>"; };
		221601822A5BDB8D006917D4 /* time_record_Watch_AppUITestsLaunchTests.swift */ = {isa = PBXFileReference; lastKnownFileType = sourcecode.swift; path = time_record_Watch_AppUITestsLaunchTests.swift; sourceTree = "<group>"; };
/* End PBXFileReference section */

/* Begin PBXFrameworksBuildPhase section */
		221601372A5BDB8B006917D4 /* Frameworks */ = {
			isa = PBXFrameworksBuildPhase;
			buildActionMask = 2147483647;
			files = (
			);
			runOnlyForDeploymentPostprocessing = 0;
		};
		221601472A5BDB8C006917D4 /* Frameworks */ = {
			isa = PBXFrameworksBuildPhase;
			buildActionMask = 2147483647;
			files = (
			);
			runOnlyForDeploymentPostprocessing = 0;
		};
		221601512A5BDB8C006917D4 /* Frameworks */ = {
			isa = PBXFrameworksBuildPhase;
			buildActionMask = 2147483647;
			files = (
			);
			runOnlyForDeploymentPostprocessing = 0;
		};
		2216015D2A5BDB8C006917D4 /* Frameworks */ = {
			isa = PBXFrameworksBuildPhase;
			buildActionMask = 2147483647;
			files = (
			);
			runOnlyForDeploymentPostprocessing = 0;
		};
		2216016F2A5BDB8D006917D4 /* Frameworks */ = {
			isa = PBXFrameworksBuildPhase;
			buildActionMask = 2147483647;
			files = (
			);
			runOnlyForDeploymentPostprocessing = 0;
		};
		221601792A5BDB8D006917D4 /* Frameworks */ = {
			isa = PBXFrameworksBuildPhase;
			buildActionMask = 2147483647;
			files = (
			);
			runOnlyForDeploymentPostprocessing = 0;
		};
/* End PBXFrameworksBuildPhase section */

/* Begin PBXGroup section */
		221601312A5BDB8A006917D4 = {
			isa = PBXGroup;
			children = (
				2216013C2A5BDB8B006917D4 /* time_record */,
				2216014D2A5BDB8C006917D4 /* time_recordTests */,
				221601572A5BDB8C006917D4 /* time_recordUITests */,
				221601642A5BDB8C006917D4 /* time_record Watch App */,
				221601752A5BDB8D006917D4 /* time_record Watch AppTests */,
				2216017F2A5BDB8D006917D4 /* time_record Watch AppUITests */,
				2216013B2A5BDB8B006917D4 /* Products */,
			);
			sourceTree = "<group>";
		};
		2216013B2A5BDB8B006917D4 /* Products */ = {
			isa = PBXGroup;
			children = (
				2216013A2A5BDB8B006917D4 /* time_record.app */,
				2216014A2A5BDB8C006917D4 /* time_recordTests.xctest */,
				221601542A5BDB8C006917D4 /* time_recordUITests.xctest */,
				221601602A5BDB8C006917D4 /* time_record Watch App.app */,
				221601722A5BDB8D006917D4 /* time_record Watch AppTests.xctest */,
				2216017C2A5BDB8D006917D4 /* time_record Watch AppUITests.xctest */,
			);
			name = Products;
			sourceTree = "<group>";
		};
		2216013C2A5BDB8B006917D4 /* time_record */ = {
			isa = PBXGroup;
			children = (
				2216013D2A5BDB8B006917D4 /* time_recordApp.swift */,
				2216013F2A5BDB8B006917D4 /* ContentView.swift */,
				221601412A5BDB8C006917D4 /* Assets.xcassets */,
				221601432A5BDB8C006917D4 /* Preview Content */,
			);
			path = time_record;
			sourceTree = "<group>";
		};
		221601432A5BDB8C006917D4 /* Preview Content */ = {
			isa = PBXGroup;
			children = (
				221601442A5BDB8C006917D4 /* Preview Assets.xcassets */,
			);
			path = "Preview Content";
			sourceTree = "<group>";
		};
		2216014D2A5BDB8C006917D4 /* time_recordTests */ = {
			isa = PBXGroup;
			children = (
				2216014E2A5BDB8C006917D4 /* time_recordTests.swift */,
			);
			path = time_recordTests;
			sourceTree = "<group>";
		};
		221601572A5BDB8C006917D4 /* time_recordUITests */ = {
			isa = PBXGroup;
			children = (
				221601582A5BDB8C006917D4 /* time_recordUITests.swift */,
				2216015A2A5BDB8C006917D4 /* time_recordUITestsLaunchTests.swift */,
			);
			path = time_recordUITests;
			sourceTree = "<group>";
		};
		221601642A5BDB8C006917D4 /* time_record Watch App */ = {
			isa = PBXGroup;
			children = (
				221601652A5BDB8C006917D4 /* time_recordApp.swift */,
				221601672A5BDB8C006917D4 /* ContentView.swift */,
				221601692A5BDB8D006917D4 /* Assets.xcassets */,
				2216016B2A5BDB8D006917D4 /* Preview Content */,
			);
			path = "time_record Watch App";
			sourceTree = "<group>";
		};
		2216016B2A5BDB8D006917D4 /* Preview Content */ = {
			isa = PBXGroup;
			children = (
				2216016C2A5BDB8D006917D4 /* Preview Assets.xcassets */,
			);
			path = "Preview Content";
			sourceTree = "<group>";
		};
		221601752A5BDB8D006917D4 /* time_record Watch AppTests */ = {
			isa = PBXGroup;
			children = (
				221601762A5BDB8D006917D4 /* time_record_Watch_AppTests.swift */,
			);
			path = "time_record Watch AppTests";
			sourceTree = "<group>";
		};
		2216017F2A5BDB8D006917D4 /* time_record Watch AppUITests */ = {
			isa = PBXGroup;
			children = (
				221601802A5BDB8D006917D4 /* time_record_Watch_AppUITests.swift */,
				221601822A5BDB8D006917D4 /* time_record_Watch_AppUITestsLaunchTests.swift */,
			);
			path = "time_record Watch AppUITests";
			sourceTree = "<group>";
		};
/* End PBXGroup section */

/* Begin PBXNativeTarget section */
		221601392A5BDB8B006917D4 /* time_record */ = {
			isa = PBXNativeTarget;
			buildConfigurationList = 2216018A2A5BDB8D006917D4 /* Build configuration list for PBXNativeTarget "time_record" */;
			buildPhases = (
				221601362A5BDB8B006917D4 /* Sources */,
				221601372A5BDB8B006917D4 /* Frameworks */,
				221601382A5BDB8B006917D4 /* Resources */,
				221601892A5BDB8D006917D4 /* Embed Watch Content */,
			);
			buildRules = (
			);
			dependencies = (
				221601632A5BDB8C006917D4 /* PBXTargetDependency */,
			);
			name = time_record;
			productName = time_record;
			productReference = 2216013A2A5BDB8B006917D4 /* time_record.app */;
			productType = "com.apple.product-type.application";
		};
		221601492A5BDB8C006917D4 /* time_recordTests */ = {
			isa = PBXNativeTarget;
			buildConfigurationList = 2216018D2A5BDB8D006917D4 /* Build configuration list for PBXNativeTarget "time_recordTests" */;
			buildPhases = (
				221601462A5BDB8C006917D4 /* Sources */,
				221601472A5BDB8C006917D4 /* Frameworks */,
				221601482A5BDB8C006917D4 /* Resources */,
			);
			buildRules = (
			);
			dependencies = (
				2216014C2A5BDB8C006917D4 /* PBXTargetDependency */,
			);
			name = time_recordTests;
			productName = time_recordTests;
			productReference = 2216014A2A5BDB8C006917D4 /* time_recordTests.xctest */;
			productType = "com.apple.product-type.bundle.unit-test";
		};
		221601532A5BDB8C006917D4 /* time_recordUITests */ = {
			isa = PBXNativeTarget;
			buildConfigurationList = 221601902A5BDB8D006917D4 /* Build configuration list for PBXNativeTarget "time_recordUITests" */;
			buildPhases = (
				221601502A5BDB8C006917D4 /* Sources */,
				221601512A5BDB8C006917D4 /* Frameworks */,
				221601522A5BDB8C006917D4 /* Resources */,
			);
			buildRules = (
			);
			dependencies = (
				221601562A5BDB8C006917D4 /* PBXTargetDependency */,
			);
			name = time_recordUITests;
			productName = time_recordUITests;
			productReference = 221601542A5BDB8C006917D4 /* time_recordUITests.xctest */;
			productType = "com.apple.product-type.bundle.ui-testing";
		};
		2216015F2A5BDB8C006917D4 /* time_record Watch App */ = {
			isa = PBXNativeTarget;
			buildConfigurationList = 221601862A5BDB8D006917D4 /* Build configuration list for PBXNativeTarget "time_record Watch App" */;
			buildPhases = (
				2216015C2A5BDB8C006917D4 /* Sources */,
				2216015D2A5BDB8C006917D4 /* Frameworks */,
				2216015E2A5BDB8C006917D4 /* Resources */,
			);
			buildRules = (
			);
			dependencies = (
			);
			name = "time_record Watch App";
			productName = "time_record Watch App";
			productReference = 221601602A5BDB8C006917D4 /* time_record Watch App.app */;
			productType = "com.apple.product-type.application";
		};
		221601712A5BDB8D006917D4 /* time_record Watch AppTests */ = {
			isa = PBXNativeTarget;
			buildConfigurationList = 221601932A5BDB8D006917D4 /* Build configuration list for PBXNativeTarget "time_record Watch AppTests" */;
			buildPhases = (
				2216016E2A5BDB8D006917D4 /* Sources */,
				2216016F2A5BDB8D006917D4 /* Frameworks */,
				221601702A5BDB8D006917D4 /* Resources */,
			);
			buildRules = (
			);
			dependencies = (
				221601742A5BDB8D006917D4 /* PBXTargetDependency */,
			);
			name = "time_record Watch AppTests";
			productName = "time_record Watch AppTests";
			productReference = 221601722A5BDB8D006917D4 /* time_record Watch AppTests.xctest */;
			productType = "com.apple.product-type.bundle.unit-test";
		};
		2216017B2A5BDB8D006917D4 /* time_record Watch AppUITests */ = {
			isa = PBXNativeTarget;
			buildConfigurationList = 221601962A5BDB8D006917D4 /* Build configuration list for PBXNativeTarget "time_record Watch AppUITests" */;
			buildPhases = (
				221601782A5BDB8D006917D4 /* Sources */,
				221601792A5BDB8D006917D4 /* Frameworks */,
				2216017A2A5BDB8D006917D4 /* Resources */,
			);
			buildRules = (
			);
			dependencies = (
				2216017E2A5BDB8D006917D4 /* PBXTargetDependency */,
			);
			name = "time_record Watch AppUITests";
			productName = "time_record Watch AppUITests";
			productReference = 2216017C2A5BDB8D006917D4 /* time_record Watch AppUITests.xctest */;
			productType = "com.apple.product-type.bundle.ui-testing";
		};
/* End PBXNativeTarget section */

/* Begin PBXProject section */
		221601322A5BDB8A006917D4 /* Project object */ = {
			isa = PBXProject;
			attributes = {
				BuildIndependentTargetsInParallel = 1;
				LastSwiftUpdateCheck = 1430;
				LastUpgradeCheck = 1430;
				TargetAttributes = {
					221601392A5BDB8B006917D4 = {
						CreatedOnToolsVersion = 14.3;
					};
					221601492A5BDB8C006917D4 = {
						CreatedOnToolsVersion = 14.3;
						TestTargetID = 221601392A5BDB8B006917D4;
					};
					221601532A5BDB8C006917D4 = {
						CreatedOnToolsVersion = 14.3;
						TestTargetID = 221601392A5BDB8B006917D4;
					};
					2216015F2A5BDB8C006917D4 = {
						CreatedOnToolsVersion = 14.3;
					};
					221601712A5BDB8D006917D4 = {
						CreatedOnToolsVersion = 14.3;
						TestTargetID = 2216015F2A5BDB8C006917D4;
					};
					2216017B2A5BDB8D006917D4 = {
						CreatedOnToolsVersion = 14.3;
						TestTargetID = 2216015F2A5BDB8C006917D4;
					};
				};
			};
			buildConfigurationList = 221601352A5BDB8A006917D4 /* Build configuration list for PBXProject "time_record" */;
			compatibilityVersion = "Xcode 14.0";
			developmentRegion = en;
			hasScannedForEncodings = 0;
			knownRegions = (
				en,
				Base,
			);
			mainGroup = 221601312A5BDB8A006917D4;
			productRefGroup = 2216013B2A5BDB8B006917D4 /* Products */;
			projectDirPath = "";
			projectRoot = "";
			targets = (
				221601392A5BDB8B006917D4 /* time_record */,
				221601492A5BDB8C006917D4 /* time_recordTests */,
				221601532A5BDB8C006917D4 /* time_recordUITests */,
				2216015F2A5BDB8C006917D4 /* time_record Watch App */,
				221601712A5BDB8D006917D4 /* time_record Watch AppTests */,
				2216017B2A5BDB8D006917D4 /* time_record Watch AppUITests */,
			);
		};
/* End PBXProject section */

/* Begin PBXResourcesBuildPhase section */
		221601382A5BDB8B006917D4 /* Resources */ = {
			isa = PBXResourcesBuildPhase;
			buildActionMask = 2147483647;
			files = (
				221601452A5BDB8C006917D4 /* Preview Assets.xcassets in Resources */,
				221601422A5BDB8C006917D4 /* Assets.xcassets in Resources */,
			);
			runOnlyForDeploymentPostprocessing = 0;
		};
		221601482A5BDB8C006917D4 /* Resources */ = {
			isa = PBXResourcesBuildPhase;
			buildActionMask = 2147483647;
			files = (
			);
			runOnlyForDeploymentPostprocessing = 0;
		};
		221601522A5BDB8C006917D4 /* Resources */ = {
			isa = PBXResourcesBuildPhase;
			buildActionMask = 2147483647;
			files = (
			);
			runOnlyForDeploymentPostprocessing = 0;
		};
		2216015E2A5BDB8C006917D4 /* Resources */ = {
			isa = PBXResourcesBuildPhase;
			buildActionMask = 2147483647;
			files = (
				2216016D2A5BDB8D006917D4 /* Preview Assets.xcassets in Resources */,
				2216016A2A5BDB8D006917D4 /* Assets.xcassets in Resources */,
			);
			runOnlyForDeploymentPostprocessing = 0;
		};
		221601702A5BDB8D006917D4 /* Resources */ = {
			isa = PBXResourcesBuildPhase;
			buildActionMask = 2147483647;
			files = (
			);
			runOnlyForDeploymentPostprocessing = 0;
		};
		2216017A2A5BDB8D006917D4 /* Resources */ = {
			isa = PBXResourcesBuildPhase;
			buildActionMask = 2147483647;
			files = (
			);
			runOnlyForDeploymentPostprocessing = 0;
		};
/* End PBXResourcesBuildPhase section */

/* Begin PBXSourcesBuildPhase section */
		221601362A5BDB8B006917D4 /* Sources */ = {
			isa = PBXSourcesBuildPhase;
			buildActionMask = 2147483647;
			files = (
				221601402A5BDB8B006917D4 /* ContentView.swift in Sources */,
				2216013E2A5BDB8B006917D4 /* time_recordApp.swift in Sources */,
			);
			runOnlyForDeploymentPostprocessing = 0;
		};
		221601462A5BDB8C006917D4 /* Sources */ = {
			isa = PBXSourcesBuildPhase;
			buildActionMask = 2147483647;
			files = (
				2216014F2A5BDB8C006917D4 /* time_recordTests.swift in Sources */,
			);
			runOnlyForDeploymentPostprocessing = 0;
		};
		221601502A5BDB8C006917D4 /* Sources */ = {
			isa = PBXSourcesBuildPhase;
			buildActionMask = 2147483647;
			files = (
				2216015B2A5BDB8C006917D4 /* time_recordUITestsLaunchTests.swift in Sources */,
				221601592A5BDB8C006917D4 /* time_recordUITests.swift in Sources */,
			);
			runOnlyForDeploymentPostprocessing = 0;
		};
		2216015C2A5BDB8C006917D4 /* Sources */ = {
			isa = PBXSourcesBuildPhase;
			buildActionMask = 2147483647;
			files = (
				221601682A5BDB8C006917D4 /* ContentView.swift in Sources */,
				221601662A5BDB8C006917D4 /* time_recordApp.swift in Sources */,
			);
			runOnlyForDeploymentPostprocessing = 0;
		};
		2216016E2A5BDB8D006917D4 /* Sources */ = {
			isa = PBXSourcesBuildPhase;
			buildActionMask = 2147483647;
			files = (
				221601772A5BDB8D006917D4 /* time_record_Watch_AppTests.swift in Sources */,
			);
			runOnlyForDeploymentPostprocessing = 0;
		};
		221601782A5BDB8D006917D4 /* Sources */ = {
			isa = PBXSourcesBuildPhase;
			buildActionMask = 2147483647;
			files = (
				221601832A5BDB8D006917D4 /* time_record_Watch_AppUITestsLaunchTests.swift in Sources */,
				221601812A5BDB8D006917D4 /* time_record_Watch_AppUITests.swift in Sources */,
			);
			runOnlyForDeploymentPostprocessing = 0;
		};
/* End PBXSourcesBuildPhase section */

/* Begin PBXTargetDependency section */
		2216014C2A5BDB8C006917D4 /* PBXTargetDependency */ = {
			isa = PBXTargetDependency;
			target = 221601392A5BDB8B006917D4 /* time_record */;
			targetProxy = 2216014B2A5BDB8C006917D4 /* PBXContainerItemProxy */;
		};
		221601562A5BDB8C006917D4 /* PBXTargetDependency */ = {
			isa = PBXTargetDependency;
			target = 221601392A5BDB8B006917D4 /* time_record */;
			targetProxy = 221601552A5BDB8C006917D4 /* PBXContainerItemProxy */;
		};
		221601632A5BDB8C006917D4 /* PBXTargetDependency */ = {
			isa = PBXTargetDependency;
			target = 2216015F2A5BDB8C006917D4 /* time_record Watch App */;
			targetProxy = 221601622A5BDB8C006917D4 /* PBXContainerItemProxy */;
		};
		221601742A5BDB8D006917D4 /* PBXTargetDependency */ = {
			isa = PBXTargetDependency;
			target = 2216015F2A5BDB8C006917D4 /* time_record Watch App */;
			targetProxy = 221601732A5BDB8D006917D4 /* PBXContainerItemProxy */;
		};
		2216017E2A5BDB8D006917D4 /* PBXTargetDependency */ = {
			isa = PBXTargetDependency;
			target = 2216015F2A5BDB8C006917D4 /* time_record Watch App */;
			targetProxy = 2216017D2A5BDB8D006917D4 /* PBXContainerItemProxy */;
		};
/* End PBXTargetDependency section */

/* Begin XCBuildConfiguration section */
		221601842A5BDB8D006917D4 /* Debug */ = {
			isa = XCBuildConfiguration;
			buildSettings = {
				ALWAYS_SEARCH_USER_PATHS = NO;
				CLANG_ANALYZER_NONNULL = YES;
				CLANG_ANALYZER_NUMBER_OBJECT_CONVERSION = YES_AGGRESSIVE;
				CLANG_CXX_LANGUAGE_STANDARD = "gnu++20";
				CLANG_ENABLE_MODULES = YES;
				CLANG_ENABLE_OBJC_ARC = YES;
				CLANG_ENABLE_OBJC_WEAK = YES;
				CLANG_WARN_BLOCK_CAPTURE_AUTORELEASING = YES;
				CLANG_WARN_BOOL_CONVERSION = YES;
				CLANG_WARN_COMMA = YES;
				CLANG_WARN_CONSTANT_CONVERSION = YES;
				CLANG_WARN_DEPRECATED_OBJC_IMPLEMENTATIONS = YES;
				CLANG_WARN_DIRECT_OBJC_ISA_USAGE = YES_ERROR;
				CLANG_WARN_DOCUMENTATION_COMMENTS = YES;
				CLANG_WARN_EMPTY_BODY = YES;
				CLANG_WARN_ENUM_CONVERSION = YES;
				CLANG_WARN_INFINITE_RECURSION = YES;
				CLANG_WARN_INT_CONVERSION = YES;
				CLANG_WARN_NON_LITERAL_NULL_CONVERSION = YES;
				CLANG_WARN_OBJC_IMPLICIT_RETAIN_SELF = YES;
				CLANG_WARN_OBJC_LITERAL_CONVERSION = YES;
				CLANG_WARN_OBJC_ROOT_CLASS = YES_ERROR;
				CLANG_WARN_QUOTED_INCLUDE_IN_FRAMEWORK_HEADER = YES;
				CLANG_WARN_RANGE_LOOP_ANALYSIS = YES;
				CLANG_WARN_STRICT_PROTOTYPES = YES;
				CLANG_WARN_SUSPICIOUS_MOVE = YES;
				CLANG_WARN_UNGUARDED_AVAILABILITY = YES_AGGRESSIVE;
				CLANG_WARN_UNREACHABLE_CODE = YES;
				CLANG_WARN__DUPLICATE_METHOD_MATCH = YES;
				COPY_PHASE_STRIP = NO;
				DEBUG_INFORMATION_FORMAT = dwarf;
				ENABLE_STRICT_OBJC_MSGSEND = YES;
				ENABLE_TESTABILITY = YES;
				GCC_C_LANGUAGE_STANDARD = gnu11;
				GCC_DYNAMIC_NO_PIC = NO;
				GCC_NO_COMMON_BLOCKS = YES;
				GCC_OPTIMIZATION_LEVEL = 0;
				GCC_PREPROCESSOR_DEFINITIONS = (
					"DEBUG=1",
					"$(inherited)",
				);
				GCC_WARN_64_TO_32_BIT_CONVERSION = YES;
				GCC_WARN_ABOUT_RETURN_TYPE = YES_ERROR;
				GCC_WARN_UNDECLARED_SELECTOR = YES;
				GCC_WARN_UNINITIALIZED_AUTOS = YES_AGGRESSIVE;
				GCC_WARN_UNUSED_FUNCTION = YES;
				GCC_WARN_UNUSED_VARIABLE = YES;
				MTL_ENABLE_DEBUG_INFO = INCLUDE_SOURCE;
				MTL_FAST_MATH = YES;
				ONLY_ACTIVE_ARCH = YES;
				SWIFT_ACTIVE_COMPILATION_CONDITIONS = DEBUG;
				SWIFT_OPTIMIZATION_LEVEL = "-Onone";
			};
			name = Debug;
		};
		221601852A5BDB8D006917D4 /* Release */ = {
			isa = XCBuildConfiguration;
			buildSettings = {
				ALWAYS_SEARCH_USER_PATHS = NO;
				CLANG_ANALYZER_NONNULL = YES;
				CLANG_ANALYZER_NUMBER_OBJECT_CONVERSION = YES_AGGRESSIVE;
				CLANG_CXX_LANGUAGE_STANDARD = "gnu++20";
				CLANG_ENABLE_MODULES = YES;
				CLANG_ENABLE_OBJC_ARC = YES;
				CLANG_ENABLE_OBJC_WEAK = YES;
				CLANG_WARN_BLOCK_CAPTURE_AUTORELEASING = YES;
				CLANG_WARN_BOOL_CONVERSION = YES;
				CLANG_WARN_COMMA = YES;
				CLANG_WARN_CONSTANT_CONVERSION = YES;
				CLANG_WARN_DEPRECATED_OBJC_IMPLEMENTATIONS = YES;
				CLANG_WARN_DIRECT_OBJC_ISA_USAGE = YES_ERROR;
				CLANG_WARN_DOCUMENTATION_COMMENTS = YES;
				CLANG_WARN_EMPTY_BODY = YES;
				CLANG_WARN_ENUM_CONVERSION = YES;
				CLANG_WARN_INFINITE_RECURSION = YES;
				CLANG_WARN_INT_CONVERSION = YES;
				CLANG_WARN_NON_LITERAL_NULL_CONVERSION = YES;
				CLANG_WARN_OBJC_IMPLICIT_RETAIN_SELF = YES;
				CLANG_WARN_OBJC_LITERAL_CONVERSION = YES;
				CLANG_WARN_OBJC_ROOT_CLASS = YES_ERROR;
				CLANG_WARN_QUOTED_INCLUDE_IN_FRAMEWORK_HEADER = YES;
				CLANG_WARN_RANGE_LOOP_ANALYSIS = YES;
				CLANG_WARN_STRICT_PROTOTYPES = YES;
				CLANG_WARN_SUSPICIOUS_MOVE = YES;
				CLANG_WARN_UNGUARDED_AVAILABILITY = YES_AGGRESSIVE;
				CLANG_WARN_UNREACHABLE_CODE = YES;
				CLANG_WARN__DUPLICATE_METHOD_MATCH = YES;
				COPY_PHASE_STRIP = NO;
				DEBUG_INFORMATION_FORMAT = "dwarf-with-dsym";
				ENABLE_NS_ASSERTIONS = NO;
				ENABLE_STRICT_OBJC_MSGSEND = YES;
				GCC_C_LANGUAGE_STANDARD = gnu11;
				GCC_NO_COMMON_BLOCKS = YES;
				GCC_WARN_64_TO_32_BIT_CONVERSION = YES;
				GCC_WARN_ABOUT_RETURN_TYPE = YES_ERROR;
				GCC_WARN_UNDECLARED_SELECTOR = YES;
				GCC_WARN_UNINITIALIZED_AUTOS = YES_AGGRESSIVE;
				GCC_WARN_UNUSED_FUNCTION = YES;
				GCC_WARN_UNUSED_VARIABLE = YES;
				MTL_ENABLE_DEBUG_INFO = NO;
				MTL_FAST_MATH = YES;
				SWIFT_COMPILATION_MODE = wholemodule;
				SWIFT_OPTIMIZATION_LEVEL = "-O";
			};
			name = Release;
		};
		221601872A5BDB8D006917D4 /* Debug */ = {
			isa = XCBuildConfiguration;
			buildSettings = {
				ASSETCATALOG_COMPILER_APPICON_NAME = AppIcon;
				ASSETCATALOG_COMPILER_GLOBAL_ACCENT_COLOR_NAME = AccentColor;
				CODE_SIGN_STYLE = Automatic;
				CURRENT_PROJECT_VERSION = 1;
				DEVELOPMENT_ASSET_PATHS = "\"time_record Watch App/Preview Content\"";
				ENABLE_PREVIEWS = YES;
				GENERATE_INFOPLIST_FILE = YES;
				INFOPLIST_KEY_CFBundleDisplayName = time_record;
				INFOPLIST_KEY_UISupportedInterfaceOrientations = "UIInterfaceOrientationPortrait UIInterfaceOrientationPortraitUpsideDown";
				INFOPLIST_KEY_WKCompanionAppBundleIdentifier = "fluorjo.time-record";
				LD_RUNPATH_SEARCH_PATHS = (
					"$(inherited)",
					"@executable_path/Frameworks",
				);
				MARKETING_VERSION = 1.0;
				PRODUCT_BUNDLE_IDENTIFIER = "fluorjo.time-record.watchkitapp";
				PRODUCT_NAME = "$(TARGET_NAME)";
				SDKROOT = watchos;
				SKIP_INSTALL = YES;
				SWIFT_EMIT_LOC_STRINGS = YES;
				SWIFT_VERSION = 5.0;
				TARGETED_DEVICE_FAMILY = 4;
				WATCHOS_DEPLOYMENT_TARGET = 9.4;
			};
			name = Debug;
		};
		221601882A5BDB8D006917D4 /* Release */ = {
			isa = XCBuildConfiguration;
			buildSettings = {
				ASSETCATALOG_COMPILER_APPICON_NAME = AppIcon;
				ASSETCATALOG_COMPILER_GLOBAL_ACCENT_COLOR_NAME = AccentColor;
				CODE_SIGN_STYLE = Automatic;
				CURRENT_PROJECT_VERSION = 1;
				DEVELOPMENT_ASSET_PATHS = "\"time_record Watch App/Preview Content\"";
				ENABLE_PREVIEWS = YES;
				GENERATE_INFOPLIST_FILE = YES;
				INFOPLIST_KEY_CFBundleDisplayName = time_record;
				INFOPLIST_KEY_UISupportedInterfaceOrientations = "UIInterfaceOrientationPortrait UIInterfaceOrientationPortraitUpsideDown";
				INFOPLIST_KEY_WKCompanionAppBundleIdentifier = "fluorjo.time-record";
				LD_RUNPATH_SEARCH_PATHS = (
					"$(inherited)",
					"@executable_path/Frameworks",
				);
				MARKETING_VERSION = 1.0;
				PRODUCT_BUNDLE_IDENTIFIER = "fluorjo.time-record.watchkitapp";
				PRODUCT_NAME = "$(TARGET_NAME)";
				SDKROOT = watchos;
				SKIP_INSTALL = YES;
				SWIFT_EMIT_LOC_STRINGS = YES;
				SWIFT_VERSION = 5.0;
				TARGETED_DEVICE_FAMILY = 4;
				VALIDATE_PRODUCT = YES;
				WATCHOS_DEPLOYMENT_TARGET = 9.4;
			};
			name = Release;
		};
		2216018B2A5BDB8D006917D4 /* Debug */ = {
			isa = XCBuildConfiguration;
			buildSettings = {
				ALWAYS_EMBED_SWIFT_STANDARD_LIBRARIES = YES;
				ASSETCATALOG_COMPILER_APPICON_NAME = AppIcon;
				ASSETCATALOG_COMPILER_GLOBAL_ACCENT_COLOR_NAME = AccentColor;
				CODE_SIGN_STYLE = Automatic;
				CURRENT_PROJECT_VERSION = 1;
				DEVELOPMENT_ASSET_PATHS = "\"time_record/Preview Content\"";
				ENABLE_PREVIEWS = YES;
				GENERATE_INFOPLIST_FILE = YES;
				INFOPLIST_KEY_CFBundleDisplayName = time_record;
				INFOPLIST_KEY_UIApplicationSceneManifest_Generation = YES;
				INFOPLIST_KEY_UIApplicationSupportsIndirectInputEvents = YES;
				INFOPLIST_KEY_UILaunchScreen_Generation = YES;
				INFOPLIST_KEY_UISupportedInterfaceOrientations_iPad = "UIInterfaceOrientationPortrait UIInterfaceOrientationPortraitUpsideDown UIInterfaceOrientationLandscapeLeft UIInterfaceOrientationLandscapeRight";
				INFOPLIST_KEY_UISupportedInterfaceOrientations_iPhone = "UIInterfaceOrientationPortrait UIInterfaceOrientationLandscapeLeft UIInterfaceOrientationLandscapeRight";
				IPHONEOS_DEPLOYMENT_TARGET = 16.4;
				LD_RUNPATH_SEARCH_PATHS = (
					"$(inherited)",
					"@executable_path/Frameworks",
				);
				MARKETING_VERSION = 1.0;
				PRODUCT_BUNDLE_IDENTIFIER = "fluorjo.time-record";
				PRODUCT_NAME = "$(TARGET_NAME)";
				SDKROOT = iphoneos;
				SWIFT_EMIT_LOC_STRINGS = YES;
				SWIFT_VERSION = 5.0;
				TARGETED_DEVICE_FAMILY = "1,2";
			};
			name = Debug;
		};
		2216018C2A5BDB8D006917D4 /* Release */ = {
			isa = XCBuildConfiguration;
			buildSettings = {
				ALWAYS_EMBED_SWIFT_STANDARD_LIBRARIES = YES;
				ASSETCATALOG_COMPILER_APPICON_NAME = AppIcon;
				ASSETCATALOG_COMPILER_GLOBAL_ACCENT_COLOR_NAME = AccentColor;
				CODE_SIGN_STYLE = Automatic;
				CURRENT_PROJECT_VERSION = 1;
				DEVELOPMENT_ASSET_PATHS = "\"time_record/Preview Content\"";
				ENABLE_PREVIEWS = YES;
				GENERATE_INFOPLIST_FILE = YES;
				INFOPLIST_KEY_CFBundleDisplayName = time_record;
				INFOPLIST_KEY_UIApplicationSceneManifest_Generation = YES;
				INFOPLIST_KEY_UIApplicationSupportsIndirectInputEvents = YES;
				INFOPLIST_KEY_UILaunchScreen_Generation = YES;
				INFOPLIST_KEY_UISupportedInterfaceOrientations_iPad = "UIInterfaceOrientationPortrait UIInterfaceOrientationPortraitUpsideDown UIInterfaceOrientationLandscapeLeft UIInterfaceOrientationLandscapeRight";
				INFOPLIST_KEY_UISupportedInterfaceOrientations_iPhone = "UIInterfaceOrientationPortrait UIInterfaceOrientationLandscapeLeft UIInterfaceOrientationLandscapeRight";
				IPHONEOS_DEPLOYMENT_TARGET = 16.4;
				LD_RUNPATH_SEARCH_PATHS = (
					"$(inherited)",
					"@executable_path/Frameworks",
				);
				MARKETING_VERSION = 1.0;
				PRODUCT_BUNDLE_IDENTIFIER = "fluorjo.time-record";
				PRODUCT_NAME = "$(TARGET_NAME)";
				SDKROOT = iphoneos;
				SWIFT_EMIT_LOC_STRINGS = YES;
				SWIFT_VERSION = 5.0;
				TARGETED_DEVICE_FAMILY = "1,2";
				VALIDATE_PRODUCT = YES;
			};
			name = Release;
		};
		2216018E2A5BDB8D006917D4 /* Debug */ = {
			isa = XCBuildConfiguration;
			buildSettings = {
				ALWAYS_EMBED_SWIFT_STANDARD_LIBRARIES = YES;
				BUNDLE_LOADER = "$(TEST_HOST)";
				CODE_SIGN_STYLE = Automatic;
				CURRENT_PROJECT_VERSION = 1;
				GENERATE_INFOPLIST_FILE = YES;
				IPHONEOS_DEPLOYMENT_TARGET = 16.4;
				MARKETING_VERSION = 1.0;
				PRODUCT_BUNDLE_IDENTIFIER = "fluorjo.time-recordTests";
				PRODUCT_NAME = "$(TARGET_NAME)";
				SDKROOT = iphoneos;
				SWIFT_EMIT_LOC_STRINGS = NO;
				SWIFT_VERSION = 5.0;
				TARGETED_DEVICE_FAMILY = "1,2";
				TEST_HOST = "$(BUILT_PRODUCTS_DIR)/time_record.app/$(BUNDLE_EXECUTABLE_FOLDER_PATH)/time_record";
			};
			name = Debug;
		};
		2216018F2A5BDB8D006917D4 /* Release */ = {
			isa = XCBuildConfiguration;
			buildSettings = {
				ALWAYS_EMBED_SWIFT_STANDARD_LIBRARIES = YES;
				BUNDLE_LOADER = "$(TEST_HOST)";
				CODE_SIGN_STYLE = Automatic;
				CURRENT_PROJECT_VERSION = 1;
				GENERATE_INFOPLIST_FILE = YES;
				IPHONEOS_DEPLOYMENT_TARGET = 16.4;
				MARKETING_VERSION = 1.0;
				PRODUCT_BUNDLE_IDENTIFIER = "fluorjo.time-recordTests";
				PRODUCT_NAME = "$(TARGET_NAME)";
				SDKROOT = iphoneos;
				SWIFT_EMIT_LOC_STRINGS = NO;
				SWIFT_VERSION = 5.0;
				TARGETED_DEVICE_FAMILY = "1,2";
				TEST_HOST = "$(BUILT_PRODUCTS_DIR)/time_record.app/$(BUNDLE_EXECUTABLE_FOLDER_PATH)/time_record";
				VALIDATE_PRODUCT = YES;
			};
			name = Release;
		};
		221601912A5BDB8D006917D4 /* Debug */ = {
			isa = XCBuildConfiguration;
			buildSettings = {
				ALWAYS_EMBED_SWIFT_STANDARD_LIBRARIES = YES;
				CODE_SIGN_STYLE = Automatic;
				CURRENT_PROJECT_VERSION = 1;
				GENERATE_INFOPLIST_FILE = YES;
				IPHONEOS_DEPLOYMENT_TARGET = 16.4;
				MARKETING_VERSION = 1.0;
				PRODUCT_BUNDLE_IDENTIFIER = "fluorjo.time-recordUITests";
				PRODUCT_NAME = "$(TARGET_NAME)";
				SDKROOT = iphoneos;
				SWIFT_EMIT_LOC_STRINGS = NO;
				SWIFT_VERSION = 5.0;
				TARGETED_DEVICE_FAMILY = "1,2";
				TEST_TARGET_NAME = time_record;
			};
			name = Debug;
		};
		221601922A5BDB8D006917D4 /* Release */ = {
			isa = XCBuildConfiguration;
			buildSettings = {
				ALWAYS_EMBED_SWIFT_STANDARD_LIBRARIES = YES;
				CODE_SIGN_STYLE = Automatic;
				CURRENT_PROJECT_VERSION = 1;
				GENERATE_INFOPLIST_FILE = YES;
				IPHONEOS_DEPLOYMENT_TARGET = 16.4;
				MARKETING_VERSION = 1.0;
				PRODUCT_BUNDLE_IDENTIFIER = "fluorjo.time-recordUITests";
				PRODUCT_NAME = "$(TARGET_NAME)";
				SDKROOT = iphoneos;
				SWIFT_EMIT_LOC_STRINGS = NO;
				SWIFT_VERSION = 5.0;
				TARGETED_DEVICE_FAMILY = "1,2";
				TEST_TARGET_NAME = time_record;
				VALIDATE_PRODUCT = YES;
			};
			name = Release;
		};
		221601942A5BDB8D006917D4 /* Debug */ = {
			isa = XCBuildConfiguration;
			buildSettings = {
				ALWAYS_EMBED_SWIFT_STANDARD_LIBRARIES = YES;
				BUNDLE_LOADER = "$(TEST_HOST)";
				CODE_SIGN_STYLE = Automatic;
				CURRENT_PROJECT_VERSION = 1;
				GENERATE_INFOPLIST_FILE = YES;
				MARKETING_VERSION = 1.0;
				PRODUCT_BUNDLE_IDENTIFIER = "fluorjo.time-record-Watch-AppTests";
				PRODUCT_NAME = "$(TARGET_NAME)";
				SDKROOT = watchos;
				SWIFT_EMIT_LOC_STRINGS = NO;
				SWIFT_VERSION = 5.0;
				TARGETED_DEVICE_FAMILY = 4;
				TEST_HOST = "$(BUILT_PRODUCTS_DIR)/time_record Watch App.app/$(BUNDLE_EXECUTABLE_FOLDER_PATH)/time_record Watch App";
				WATCHOS_DEPLOYMENT_TARGET = 9.4;
			};
			name = Debug;
		};
		221601952A5BDB8D006917D4 /* Release */ = {
			isa = XCBuildConfiguration;
			buildSettings = {
				ALWAYS_EMBED_SWIFT_STANDARD_LIBRARIES = YES;
				BUNDLE_LOADER = "$(TEST_HOST)";
				CODE_SIGN_STYLE = Automatic;
				CURRENT_PROJECT_VERSION = 1;
				GENERATE_INFOPLIST_FILE = YES;
				MARKETING_VERSION = 1.0;
				PRODUCT_BUNDLE_IDENTIFIER = "fluorjo.time-record-Watch-AppTests";
				PRODUCT_NAME = "$(TARGET_NAME)";
				SDKROOT = watchos;
				SWIFT_EMIT_LOC_STRINGS = NO;
				SWIFT_VERSION = 5.0;
				TARGETED_DEVICE_FAMILY = 4;
				TEST_HOST = "$(BUILT_PRODUCTS_DIR)/time_record Watch App.app/$(BUNDLE_EXECUTABLE_FOLDER_PATH)/time_record Watch App";
				VALIDATE_PRODUCT = YES;
				WATCHOS_DEPLOYMENT_TARGET = 9.4;
			};
			name = Release;
		};
		221601972A5BDB8D006917D4 /* Debug */ = {
			isa = XCBuildConfiguration;
			buildSettings = {
				ALWAYS_EMBED_SWIFT_STANDARD_LIBRARIES = YES;
				CODE_SIGN_STYLE = Automatic;
				CURRENT_PROJECT_VERSION = 1;
				GENERATE_INFOPLIST_FILE = YES;
				MARKETING_VERSION = 1.0;
				PRODUCT_BUNDLE_IDENTIFIER = "fluorjo.time-record-Watch-AppUITests";
				PRODUCT_NAME = "$(TARGET_NAME)";
				SDKROOT = watchos;
				SWIFT_EMIT_LOC_STRINGS = NO;
				SWIFT_VERSION = 5.0;
				TARGETED_DEVICE_FAMILY = 4;
				TEST_TARGET_NAME = "time_record Watch App";
				WATCHOS_DEPLOYMENT_TARGET = 9.4;
			};
			name = Debug;
		};
		221601982A5BDB8D006917D4 /* Release */ = {
			isa = XCBuildConfiguration;
			buildSettings = {
				ALWAYS_EMBED_SWIFT_STANDARD_LIBRARIES = YES;
				CODE_SIGN_STYLE = Automatic;
				CURRENT_PROJECT_VERSION = 1;
				GENERATE_INFOPLIST_FILE = YES;
				MARKETING_VERSION = 1.0;
				PRODUCT_BUNDLE_IDENTIFIER = "fluorjo.time-record-Watch-AppUITests";
				PRODUCT_NAME = "$(TARGET_NAME)";
				SDKROOT = watchos;
				SWIFT_EMIT_LOC_STRINGS = NO;
				SWIFT_VERSION = 5.0;
				TARGETED_DEVICE_FAMILY = 4;
				TEST_TARGET_NAME = "time_record Watch App";
				VALIDATE_PRODUCT = YES;
				WATCHOS_DEPLOYMENT_TARGET = 9.4;
			};
			name = Release;
		};
/* End XCBuildConfiguration section */

/* Begin XCConfigurationList section */
		221601352A5BDB8A006917D4 /* Build configuration list for PBXProject "time_record" */ = {
			isa = XCConfigurationList;
			buildConfigurations = (
				221601842A5BDB8D006917D4 /* Debug */,
				221601852A5BDB8D006917D4 /* Release */,
			);
			defaultConfigurationIsVisible = 0;
			defaultConfigurationName = Release;
		};
		221601862A5BDB8D006917D4 /* Build configuration list for PBXNativeTarget "time_record Watch App" */ = {
			isa = XCConfigurationList;
			buildConfigurations = (
				221601872A5BDB8D006917D4 /* Debug */,
				221601882A5BDB8D006917D4 /* Release */,
			);
			defaultConfigurationIsVisible = 0;
			defaultConfigurationName = Release;
		};
		2216018A2A5BDB8D006917D4 /* Build configuration list for PBXNativeTarget "time_record" */ = {
			isa = XCConfigurationList;
			buildConfigurations = (
				2216018B2A5BDB8D006917D4 /* Debug */,
				2216018C2A5BDB8D006917D4 /* Release */,
			);
			defaultConfigurationIsVisible = 0;
			defaultConfigurationName = Release;
		};
		2216018D2A5BDB8D006917D4 /* Build configuration list for PBXNativeTarget "time_recordTests" */ = {
			isa = XCConfigurationList;
			buildConfigurations = (
				2216018E2A5BDB8D006917D4 /* Debug */,
				2216018F2A5BDB8D006917D4 /* Release */,
			);
			defaultConfigurationIsVisible = 0;
			defaultConfigurationName = Release;
		};
		221601902A5BDB8D006917D4 /* Build configuration list for PBXNativeTarget "time_recordUITests" */ = {
			isa = XCConfigurationList;
			buildConfigurations = (
				221601912A5BDB8D006917D4 /* Debug */,
				221601922A5BDB8D006917D4 /* Release */,
			);
			defaultConfigurationIsVisible = 0;
			defaultConfigurationName = Release;
		};
		221601932A5BDB8D006917D4 /* Build configuration list for PBXNativeTarget "time_record Watch AppTests" */ = {
			isa = XCConfigurationList;
			buildConfigurations = (
				221601942A5BDB8D006917D4 /* Debug */,
				221601952A5BDB8D006917D4 /* Release */,
			);
			defaultConfigurationIsVisible = 0;
			defaultConfigurationName = Release;
		};
		221601962A5BDB8D006917D4 /* Build configuration list for PBXNativeTarget "time_record Watch AppUITests" */ = {
			isa = XCConfigurationList;
			buildConfigurations = (
				221601972A5BDB8D006917D4 /* Debug */,
				221601982A5BDB8D006917D4 /* Release */,
			);
			defaultConfigurationIsVisible = 0;
			defaultConfigurationName = Release;
		};
/* End XCConfigurationList section */
	};
	rootObject = 221601322A5BDB8A006917D4 /* Project object */;
}
